
Microsoft Visual Studio Solution File, Format Version 12.00
# Visual Studio Version 17
VisualStudioVersion = 17.6.33829.357
MinimumVisualStudioVersion = 10.0.40219.1
Project("{FAE04EC0-301F-11D3-BF4B-00C04F79EFBC}") = "DataStructures", "DataStructures\DataStructures.csproj", "{B8CE3B35-F9EA-4085-B781-27CAEF4F3E55}"
EndProject
Global
	GlobalSection(SolutionConfigurationPlatforms) = preSolution
		Debug|Any CPU = Debug|Any CPU
		Release|Any CPU = Release|Any CPU
	EndGlobalSection
	GlobalSection(ProjectConfigurationPlatforms) = postSolution
		{B8CE3B35-F9EA-4085-B781-27CAEF4F3E55}.Debug|Any CPU.ActiveCfg = Debug|Any CPU
		{B8CE3B35-F9EA-4085-B781-27CAEF4F3E55}.Debug|Any CPU.Build.0 = Debug|Any CPU
		{B8CE3B35-F9EA-4085-B781-27CAEF4F3E55}.Release|Any CPU.ActiveCfg = Release|Any CPU
		{B8CE3B35-F9EA-4085-B781-27CAEF4F3E55}.Release|Any CPU.Build.0 = Release|Any CPU
	EndGlobalSection
	GlobalSection(SolutionProperties) = preSolution
		HideSolutionNode = FALSE
	EndGlobalSection
	GlobalSection(ExtensibilityGlobals) = postSolution
		SolutionGuid = {87C8F4CD-C425-418A-846E-1D3A3AB401E2}
	EndGlobalSection
EndGlobal
